
Microsoft Visual Studio Solution File, Format Version 12.00
# Visual Studio Version 16
VisualStudioVersion = 16.0.31624.102
MinimumVisualStudioVersion = 10.0.40219.1
Project("{FAE04EC0-301F-11D3-BF4B-00C04F79EFBC}") = "Блокнот", "Блокнот\Блокнот.csproj", "{684C662E-BBD2-40E2-BDCD-509BCC979151}"
EndProject
Global
	GlobalSection(SolutionConfigurationPlatforms) = preSolution
		Debug|Any CPU = Debug|Any CPU
		Release|Any CPU = Release|Any CPU
	EndGlobalSection
	GlobalSection(ProjectConfigurationPlatforms) = postSolution
		{684C662E-BBD2-40E2-BDCD-509BCC979151}.Debug|Any CPU.ActiveCfg = Debug|Any CPU
		{684C662E-BBD2-40E2-BDCD-509BCC979151}.Debug|Any CPU.Build.0 = Debug|Any CPU
		{684C662E-BBD2-40E2-BDCD-509BCC979151}.Release|Any CPU.ActiveCfg = Release|Any CPU
		{684C662E-BBD2-40E2-BDCD-509BCC979151}.Release|Any CPU.Build.0 = Release|Any CPU
	EndGlobalSection
	GlobalSection(SolutionProperties) = preSolution
		HideSolutionNode = FALSE
	EndGlobalSection
	GlobalSection(ExtensibilityGlobals) = postSolution
		SolutionGuid = {91735EEC-71BD-4921-954B-C9E34B5D435A}
	EndGlobalSection
EndGlobal
